// !$*UTF8*$!
{
	archiveVersion = 1;
	classes = {
	};
	objectVersion = 56;
	objects = {

/* Begin PBXBuildFile section */
		55CEAB7B290865E6002B4520 /* OpenTweetApp.swift in Sources */ = {isa = PBXBuildFile; fileRef = 55CEAB7A290865E6002B4520 /* OpenTweetApp.swift */; };
		55CEAB7F290865E8002B4520 /* Assets.xcassets in Resources */ = {isa = PBXBuildFile; fileRef = 55CEAB7E290865E8002B4520 /* Assets.xcassets */; };
		55CEAB82290865E8002B4520 /* Preview Assets.xcassets in Resources */ = {isa = PBXBuildFile; fileRef = 55CEAB81290865E8002B4520 /* Preview Assets.xcassets */; };
		55CEAB8C290865E8002B4520 /* OpenTweetTests.swift in Sources */ = {isa = PBXBuildFile; fileRef = 55CEAB8B290865E8002B4520 /* OpenTweetTests.swift */; };
		55CEAB96290865E8002B4520 /* OpenTweetUITests.swift in Sources */ = {isa = PBXBuildFile; fileRef = 55CEAB95290865E8002B4520 /* OpenTweetUITests.swift */; };
		55CEAB98290865E8002B4520 /* OpenTweetUITestsLaunchTests.swift in Sources */ = {isa = PBXBuildFile; fileRef = 55CEAB97290865E8002B4520 /* OpenTweetUITestsLaunchTests.swift */; };
		55CEABA729086778002B4520 /* timeline.json in Resources */ = {isa = PBXBuildFile; fileRef = 55CEABA629086778002B4520 /* timeline.json */; };
		55CEABAB29086865002B4520 /* TweetDataModel.swift in Sources */ = {isa = PBXBuildFile; fileRef = 55CEABAA29086865002B4520 /* TweetDataModel.swift */; };
		55CEABAD29086875002B4520 /* TimelineDataModel.swift in Sources */ = {isa = PBXBuildFile; fileRef = 55CEABAC29086875002B4520 /* TimelineDataModel.swift */; };
		55CEABB629086916002B4520 /* JSONDecoder.swift in Sources */ = {isa = PBXBuildFile; fileRef = 55CEABB529086916002B4520 /* JSONDecoder.swift */; };
		55CEABB929086945002B4520 /* MockData.swift in Sources */ = {isa = PBXBuildFile; fileRef = 55CEABB829086945002B4520 /* MockData.swift */; };
		55CEABBC2908696E002B4520 /* TweetService.swift in Sources */ = {isa = PBXBuildFile; fileRef = 55CEABBB2908696E002B4520 /* TweetService.swift */; };
		55CEABBF29086A4B002B4520 /* TimelineView.swift in Sources */ = {isa = PBXBuildFile; fileRef = 55CEABBE29086A4B002B4520 /* TimelineView.swift */; };
		55CEABC629086B74002B4520 /* RelativeDateTimeFormatter.swift in Sources */ = {isa = PBXBuildFile; fileRef = 55CEABC529086B74002B4520 /* RelativeDateTimeFormatter.swift */; };
		55CEABCA29086C6E002B4520 /* TweetViewModel.swift in Sources */ = {isa = PBXBuildFile; fileRef = 55CEABC829086C6E002B4520 /* TweetViewModel.swift */; };
		55CEABCB29086C6E002B4520 /* TimelineViewModel.swift in Sources */ = {isa = PBXBuildFile; fileRef = 55CEABC929086C6E002B4520 /* TimelineViewModel.swift */; };
		55CEABCD29086F22002B4520 /* AvatarView.swift in Sources */ = {isa = PBXBuildFile; fileRef = 55CEABCC29086F22002B4520 /* AvatarView.swift */; };
		55CEABCF29086FB4002B4520 /* TweetAuthorView.swift in Sources */ = {isa = PBXBuildFile; fileRef = 55CEABCE29086FB4002B4520 /* TweetAuthorView.swift */; };
		55CEABD129087051002B4520 /* TweetContentView.swift in Sources */ = {isa = PBXBuildFile; fileRef = 55CEABD029087051002B4520 /* TweetContentView.swift */; };
		55CEABD329087F8C002B4520 /* TweetInfoView.swift in Sources */ = {isa = PBXBuildFile; fileRef = 55CEABD229087F8C002B4520 /* TweetInfoView.swift */; };
		55CEABD529088180002B4520 /* TweetView.swift in Sources */ = {isa = PBXBuildFile; fileRef = 55CEABD429088180002B4520 /* TweetView.swift */; };
		55CEABD9290887B0002B4520 /* InvisibleNavigationLink.swift in Sources */ = {isa = PBXBuildFile; fileRef = 55CEABD8290887B0002B4520 /* InvisibleNavigationLink.swift */; };
		55CEABDB29088B05002B4520 /* TweetDetailView.swift in Sources */ = {isa = PBXBuildFile; fileRef = 55CEABDA29088B05002B4520 /* TweetDetailView.swift */; };
		55CEABDD29088D2C002B4520 /* FetchState.swift in Sources */ = {isa = PBXBuildFile; fileRef = 55CEABDC29088D2C002B4520 /* FetchState.swift */; };
		55CEABDF29088D92002B4520 /* ErrorMessage.swift in Sources */ = {isa = PBXBuildFile; fileRef = 55CEABDE29088D92002B4520 /* ErrorMessage.swift */; };
		55CEABE129088F02002B4520 /* ErrorView.swift in Sources */ = {isa = PBXBuildFile; fileRef = 55CEABE029088F02002B4520 /* ErrorView.swift */; };
/* End PBXBuildFile section */

/* Begin PBXContainerItemProxy section */
		55CEAB88290865E8002B4520 /* PBXContainerItemProxy */ = {
			isa = PBXContainerItemProxy;
			containerPortal = 55CEAB6F290865E6002B4520 /* Project object */;
			proxyType = 1;
			remoteGlobalIDString = 55CEAB76290865E6002B4520;
			remoteInfo = OpenTweet;
		};
		55CEAB92290865E8002B4520 /* PBXContainerItemProxy */ = {
			isa = PBXContainerItemProxy;
			containerPortal = 55CEAB6F290865E6002B4520 /* Project object */;
			proxyType = 1;
			remoteGlobalIDString = 55CEAB76290865E6002B4520;
			remoteInfo = OpenTweet;
		};
/* End PBXContainerItemProxy section */

/* Begin PBXFileReference section */
		55CEAB77290865E6002B4520 /* OpenTweet.app */ = {isa = PBXFileReference; explicitFileType = wrapper.application; includeInIndex = 0; path = OpenTweet.app; sourceTree = BUILT_PRODUCTS_DIR; };
		55CEAB7A290865E6002B4520 /* OpenTweetApp.swift */ = {isa = PBXFileReference; lastKnownFileType = sourcecode.swift; path = OpenTweetApp.swift; sourceTree = "<group>"; };
		55CEAB7E290865E8002B4520 /* Assets.xcassets */ = {isa = PBXFileReference; lastKnownFileType = folder.assetcatalog; path = Assets.xcassets; sourceTree = "<group>"; };
		55CEAB81290865E8002B4520 /* Preview Assets.xcassets */ = {isa = PBXFileReference; lastKnownFileType = folder.assetcatalog; path = "Preview Assets.xcassets"; sourceTree = "<group>"; };
		55CEAB87290865E8002B4520 /* OpenTweetTests.xctest */ = {isa = PBXFileReference; explicitFileType = wrapper.cfbundle; includeInIndex = 0; path = OpenTweetTests.xctest; sourceTree = BUILT_PRODUCTS_DIR; };
		55CEAB8B290865E8002B4520 /* OpenTweetTests.swift */ = {isa = PBXFileReference; lastKnownFileType = sourcecode.swift; path = OpenTweetTests.swift; sourceTree = "<group>"; };
		55CEAB91290865E8002B4520 /* OpenTweetUITests.xctest */ = {isa = PBXFileReference; explicitFileType = wrapper.cfbundle; includeInIndex = 0; path = OpenTweetUITests.xctest; sourceTree = BUILT_PRODUCTS_DIR; };
		55CEAB95290865E8002B4520 /* OpenTweetUITests.swift */ = {isa = PBXFileReference; lastKnownFileType = sourcecode.swift; path = OpenTweetUITests.swift; sourceTree = "<group>"; };
		55CEAB97290865E8002B4520 /* OpenTweetUITestsLaunchTests.swift */ = {isa = PBXFileReference; lastKnownFileType = sourcecode.swift; path = OpenTweetUITestsLaunchTests.swift; sourceTree = "<group>"; };
		55CEABA629086778002B4520 /* timeline.json */ = {isa = PBXFileReference; fileEncoding = 4; lastKnownFileType = text.json; path = timeline.json; sourceTree = "<group>"; };
		55CEABAA29086865002B4520 /* TweetDataModel.swift */ = {isa = PBXFileReference; lastKnownFileType = sourcecode.swift; path = TweetDataModel.swift; sourceTree = "<group>"; };
		55CEABAC29086875002B4520 /* TimelineDataModel.swift */ = {isa = PBXFileReference; lastKnownFileType = sourcecode.swift; path = TimelineDataModel.swift; sourceTree = "<group>"; };
		55CEABB529086916002B4520 /* JSONDecoder.swift */ = {isa = PBXFileReference; lastKnownFileType = sourcecode.swift; path = JSONDecoder.swift; sourceTree = "<group>"; };
		55CEABB829086945002B4520 /* MockData.swift */ = {isa = PBXFileReference; fileEncoding = 4; lastKnownFileType = sourcecode.swift; path = MockData.swift; sourceTree = "<group>"; };
		55CEABBB2908696E002B4520 /* TweetService.swift */ = {isa = PBXFileReference; fileEncoding = 4; lastKnownFileType = sourcecode.swift; path = TweetService.swift; sourceTree = "<group>"; };
		55CEABBE29086A4B002B4520 /* TimelineView.swift */ = {isa = PBXFileReference; lastKnownFileType = sourcecode.swift; path = TimelineView.swift; sourceTree = "<group>"; };
		55CEABC529086B74002B4520 /* RelativeDateTimeFormatter.swift */ = {isa = PBXFileReference; lastKnownFileType = sourcecode.swift; path = RelativeDateTimeFormatter.swift; sourceTree = "<group>"; };
		55CEABC829086C6E002B4520 /* TweetViewModel.swift */ = {isa = PBXFileReference; fileEncoding = 4; lastKnownFileType = sourcecode.swift; path = TweetViewModel.swift; sourceTree = "<group>"; };
		55CEABC929086C6E002B4520 /* TimelineViewModel.swift */ = {isa = PBXFileReference; fileEncoding = 4; lastKnownFileType = sourcecode.swift; path = TimelineViewModel.swift; sourceTree = "<group>"; };
		55CEABCC29086F22002B4520 /* AvatarView.swift */ = {isa = PBXFileReference; lastKnownFileType = sourcecode.swift; path = AvatarView.swift; sourceTree = "<group>"; };
		55CEABCE29086FB4002B4520 /* TweetAuthorView.swift */ = {isa = PBXFileReference; lastKnownFileType = sourcecode.swift; path = TweetAuthorView.swift; sourceTree = "<group>"; };
		55CEABD029087051002B4520 /* TweetContentView.swift */ = {isa = PBXFileReference; lastKnownFileType = sourcecode.swift; path = TweetContentView.swift; sourceTree = "<group>"; };
		55CEABD229087F8C002B4520 /* TweetInfoView.swift */ = {isa = PBXFileReference; lastKnownFileType = sourcecode.swift; path = TweetInfoView.swift; sourceTree = "<group>"; };
		55CEABD429088180002B4520 /* TweetView.swift */ = {isa = PBXFileReference; lastKnownFileType = sourcecode.swift; path = TweetView.swift; sourceTree = "<group>"; };
		55CEABD8290887B0002B4520 /* InvisibleNavigationLink.swift */ = {isa = PBXFileReference; lastKnownFileType = sourcecode.swift; path = InvisibleNavigationLink.swift; sourceTree = "<group>"; };
		55CEABDA29088B05002B4520 /* TweetDetailView.swift */ = {isa = PBXFileReference; fileEncoding = 4; lastKnownFileType = sourcecode.swift; path = TweetDetailView.swift; sourceTree = "<group>"; };
		55CEABDC29088D2C002B4520 /* FetchState.swift */ = {isa = PBXFileReference; lastKnownFileType = sourcecode.swift; path = FetchState.swift; sourceTree = "<group>"; };
		55CEABDE29088D92002B4520 /* ErrorMessage.swift */ = {isa = PBXFileReference; lastKnownFileType = sourcecode.swift; path = ErrorMessage.swift; sourceTree = "<group>"; };
		55CEABE029088F02002B4520 /* ErrorView.swift */ = {isa = PBXFileReference; lastKnownFileType = sourcecode.swift; path = ErrorView.swift; sourceTree = "<group>"; };
/* End PBXFileReference section */

/* Begin PBXFrameworksBuildPhase section */
		55CEAB74290865E6002B4520 /* Frameworks */ = {
			isa = PBXFrameworksBuildPhase;
			buildActionMask = 2147483647;
			files = (
			);
			runOnlyForDeploymentPostprocessing = 0;
		};
		55CEAB84290865E8002B4520 /* Frameworks */ = {
			isa = PBXFrameworksBuildPhase;
			buildActionMask = 2147483647;
			files = (
			);
			runOnlyForDeploymentPostprocessing = 0;
		};
		55CEAB8E290865E8002B4520 /* Frameworks */ = {
			isa = PBXFrameworksBuildPhase;
			buildActionMask = 2147483647;
			files = (
			);
			runOnlyForDeploymentPostprocessing = 0;
		};
/* End PBXFrameworksBuildPhase section */

/* Begin PBXGroup section */
		55CEAB6E290865E6002B4520 = {
			isa = PBXGroup;
			children = (
				55CEABA529086778002B4520 /* Data */,
				55CEAB79290865E6002B4520 /* OpenTweet */,
				55CEAB8A290865E8002B4520 /* OpenTweetTests */,
				55CEAB94290865E8002B4520 /* OpenTweetUITests */,
				55CEAB78290865E6002B4520 /* Products */,
			);
			sourceTree = "<group>";
		};
		55CEAB78290865E6002B4520 /* Products */ = {
			isa = PBXGroup;
			children = (
				55CEAB77290865E6002B4520 /* OpenTweet.app */,
				55CEAB87290865E8002B4520 /* OpenTweetTests.xctest */,
				55CEAB91290865E8002B4520 /* OpenTweetUITests.xctest */,
			);
			name = Products;
			sourceTree = "<group>";
		};
		55CEAB79290865E6002B4520 /* OpenTweet */ = {
			isa = PBXGroup;
			children = (
				55CEAB7E290865E8002B4520 /* Assets.xcassets */,
				55CEABA929086852002B4520 /* DataModels */,
				55CEABB429086909002B4520 /* Extensions */,
				55CEAB7A290865E6002B4520 /* OpenTweetApp.swift */,
				55CEAB80290865E8002B4520 /* Preview Content */,
				55CEABBA2908696E002B4520 /* Services */,
				55CEABB729086945002B4520 /* Util */,
				55CEABC729086C6E002B4520 /* ViewModels */,
				55CEABBD290869D3002B4520 /* Views */,
			);
			path = OpenTweet;
			sourceTree = "<group>";
		};
		55CEAB80290865E8002B4520 /* Preview Content */ = {
			isa = PBXGroup;
			children = (
				55CEAB81290865E8002B4520 /* Preview Assets.xcassets */,
			);
			path = "Preview Content";
			sourceTree = "<group>";
		};
		55CEAB8A290865E8002B4520 /* OpenTweetTests */ = {
			isa = PBXGroup;
			children = (
				55CEAB8B290865E8002B4520 /* OpenTweetTests.swift */,
			);
			path = OpenTweetTests;
			sourceTree = "<group>";
		};
		55CEAB94290865E8002B4520 /* OpenTweetUITests */ = {
			isa = PBXGroup;
			children = (
				55CEAB95290865E8002B4520 /* OpenTweetUITests.swift */,
				55CEAB97290865E8002B4520 /* OpenTweetUITestsLaunchTests.swift */,
			);
			path = OpenTweetUITests;
			sourceTree = "<group>";
		};
		55CEABA529086778002B4520 /* Data */ = {
			isa = PBXGroup;
			children = (
				55CEABA629086778002B4520 /* timeline.json */,
			);
			path = Data;
			sourceTree = "<group>";
		};
		55CEABA929086852002B4520 /* DataModels */ = {
			isa = PBXGroup;
			children = (
				55CEABAA29086865002B4520 /* TweetDataModel.swift */,
				55CEABAC29086875002B4520 /* TimelineDataModel.swift */,
			);
			path = DataModels;
			sourceTree = "<group>";
		};
		55CEABB429086909002B4520 /* Extensions */ = {
			isa = PBXGroup;
			children = (
				55CEABB529086916002B4520 /* JSONDecoder.swift */,
				55CEABC529086B74002B4520 /* RelativeDateTimeFormatter.swift */,
			);
			path = Extensions;
			sourceTree = "<group>";
		};
		55CEABB729086945002B4520 /* Util */ = {
			isa = PBXGroup;
			children = (
				55CEABDE29088D92002B4520 /* ErrorMessage.swift */,
				55CEABDC29088D2C002B4520 /* FetchState.swift */,
				55CEABB829086945002B4520 /* MockData.swift */,
			);
			path = Util;
			sourceTree = "<group>";
		};
		55CEABBA2908696E002B4520 /* Services */ = {
			isa = PBXGroup;
			children = (
				55CEABBB2908696E002B4520 /* TweetService.swift */,
			);
			path = Services;
			sourceTree = "<group>";
		};
		55CEABBD290869D3002B4520 /* Views */ = {
			isa = PBXGroup;
			children = (
				55CEABCC29086F22002B4520 /* AvatarView.swift */,
				55CEABE029088F02002B4520 /* ErrorView.swift */,
				55CEABD8290887B0002B4520 /* InvisibleNavigationLink.swift */,
				55CEABBE29086A4B002B4520 /* TimelineView.swift */,
				55CEABCE29086FB4002B4520 /* TweetAuthorView.swift */,
				55CEABD029087051002B4520 /* TweetContentView.swift */,
				55CEABDA29088B05002B4520 /* TweetDetailView.swift */,
				55CEABD229087F8C002B4520 /* TweetInfoView.swift */,
				55CEABD429088180002B4520 /* TweetView.swift */,
			);
			path = Views;
			sourceTree = "<group>";
		};
		55CEABC729086C6E002B4520 /* ViewModels */ = {
			isa = PBXGroup;
			children = (
				55CEABC929086C6E002B4520 /* TimelineViewModel.swift */,
				55CEABC829086C6E002B4520 /* TweetViewModel.swift */,
			);
			path = ViewModels;
			sourceTree = "<group>";
		};
/* End PBXGroup section */

/* Begin PBXNativeTarget section */
		55CEAB76290865E6002B4520 /* OpenTweet */ = {
			isa = PBXNativeTarget;
			buildConfigurationList = 55CEAB9B290865E8002B4520 /* Build configuration list for PBXNativeTarget "OpenTweet" */;
			buildPhases = (
				55CEAB73290865E6002B4520 /* Sources */,
				55CEAB74290865E6002B4520 /* Frameworks */,
				55CEAB75290865E6002B4520 /* Resources */,
			);
			buildRules = (
			);
			dependencies = (
			);
			name = OpenTweet;
			productName = OpenTweet;
			productReference = 55CEAB77290865E6002B4520 /* OpenTweet.app */;
			productType = "com.apple.product-type.application";
		};
		55CEAB86290865E8002B4520 /* OpenTweetTests */ = {
			isa = PBXNativeTarget;
			buildConfigurationList = 55CEAB9E290865E8002B4520 /* Build configuration list for PBXNativeTarget "OpenTweetTests" */;
			buildPhases = (
				55CEAB83290865E8002B4520 /* Sources */,
				55CEAB84290865E8002B4520 /* Frameworks */,
				55CEAB85290865E8002B4520 /* Resources */,
			);
			buildRules = (
			);
			dependencies = (
				55CEAB89290865E8002B4520 /* PBXTargetDependency */,
			);
			name = OpenTweetTests;
			productName = OpenTweetTests;
			productReference = 55CEAB87290865E8002B4520 /* OpenTweetTests.xctest */;
			productType = "com.apple.product-type.bundle.unit-test";
		};
		55CEAB90290865E8002B4520 /* OpenTweetUITests */ = {
			isa = PBXNativeTarget;
			buildConfigurationList = 55CEABA1290865E8002B4520 /* Build configuration list for PBXNativeTarget "OpenTweetUITests" */;
			buildPhases = (
				55CEAB8D290865E8002B4520 /* Sources */,
				55CEAB8E290865E8002B4520 /* Frameworks */,
				55CEAB8F290865E8002B4520 /* Resources */,
			);
			buildRules = (
			);
			dependencies = (
				55CEAB93290865E8002B4520 /* PBXTargetDependency */,
			);
			name = OpenTweetUITests;
			productName = OpenTweetUITests;
			productReference = 55CEAB91290865E8002B4520 /* OpenTweetUITests.xctest */;
			productType = "com.apple.product-type.bundle.ui-testing";
		};
/* End PBXNativeTarget section */

/* Begin PBXProject section */
		55CEAB6F290865E6002B4520 /* Project object */ = {
			isa = PBXProject;
			attributes = {
				BuildIndependentTargetsInParallel = 1;
				LastSwiftUpdateCheck = 1400;
				LastUpgradeCheck = 1400;
				TargetAttributes = {
					55CEAB76290865E6002B4520 = {
						CreatedOnToolsVersion = 14.0.1;
					};
					55CEAB86290865E8002B4520 = {
						CreatedOnToolsVersion = 14.0.1;
						TestTargetID = 55CEAB76290865E6002B4520;
					};
					55CEAB90290865E8002B4520 = {
						CreatedOnToolsVersion = 14.0.1;
						TestTargetID = 55CEAB76290865E6002B4520;
					};
				};
			};
			buildConfigurationList = 55CEAB72290865E6002B4520 /* Build configuration list for PBXProject "OpenTweet" */;
			compatibilityVersion = "Xcode 14.0";
			developmentRegion = en;
			hasScannedForEncodings = 0;
			knownRegions = (
				en,
				Base,
			);
			mainGroup = 55CEAB6E290865E6002B4520;
			productRefGroup = 55CEAB78290865E6002B4520 /* Products */;
			projectDirPath = "";
			projectRoot = "";
			targets = (
				55CEAB76290865E6002B4520 /* OpenTweet */,
				55CEAB86290865E8002B4520 /* OpenTweetTests */,
				55CEAB90290865E8002B4520 /* OpenTweetUITests */,
			);
		};
/* End PBXProject section */

/* Begin PBXResourcesBuildPhase section */
		55CEAB75290865E6002B4520 /* Resources */ = {
			isa = PBXResourcesBuildPhase;
			buildActionMask = 2147483647;
			files = (
				55CEABA729086778002B4520 /* timeline.json in Resources */,
				55CEAB82290865E8002B4520 /* Preview Assets.xcassets in Resources */,
				55CEAB7F290865E8002B4520 /* Assets.xcassets in Resources */,
			);
			runOnlyForDeploymentPostprocessing = 0;
		};
		55CEAB85290865E8002B4520 /* Resources */ = {
			isa = PBXResourcesBuildPhase;
			buildActionMask = 2147483647;
			files = (
			);
			runOnlyForDeploymentPostprocessing = 0;
		};
		55CEAB8F290865E8002B4520 /* Resources */ = {
			isa = PBXResourcesBuildPhase;
			buildActionMask = 2147483647;
			files = (
			);
			runOnlyForDeploymentPostprocessing = 0;
		};
/* End PBXResourcesBuildPhase section */

/* Begin PBXSourcesBuildPhase section */
		55CEAB73290865E6002B4520 /* Sources */ = {
			isa = PBXSourcesBuildPhase;
			buildActionMask = 2147483647;
			files = (
				55CEABBC2908696E002B4520 /* TweetService.swift in Sources */,
				55CEABB629086916002B4520 /* JSONDecoder.swift in Sources */,
				55CEABB929086945002B4520 /* MockData.swift in Sources */,
				55CEABAD29086875002B4520 /* TimelineDataModel.swift in Sources */,
				55CEABCD29086F22002B4520 /* AvatarView.swift in Sources */,
				55CEAB7B290865E6002B4520 /* OpenTweetApp.swift in Sources */,
				55CEABD129087051002B4520 /* TweetContentView.swift in Sources */,
				55CEABC629086B74002B4520 /* RelativeDateTimeFormatter.swift in Sources */,
				55CEABDD29088D2C002B4520 /* FetchState.swift in Sources */,
				55CEABCF29086FB4002B4520 /* TweetAuthorView.swift in Sources */,
				55CEABCA29086C6E002B4520 /* TweetViewModel.swift in Sources */,
				55CEABE129088F02002B4520 /* ErrorView.swift in Sources */,
				55CEABD329087F8C002B4520 /* TweetInfoView.swift in Sources */,
				55CEABAB29086865002B4520 /* TweetDataModel.swift in Sources */,
				55CEABBF29086A4B002B4520 /* TimelineView.swift in Sources */,
				55CEABD529088180002B4520 /* TweetView.swift in Sources */,
				55CEABCB29086C6E002B4520 /* TimelineViewModel.swift in Sources */,
				55CEABD9290887B0002B4520 /* InvisibleNavigationLink.swift in Sources */,
				55CEABDF29088D92002B4520 /* ErrorMessage.swift in Sources */,
				55CEABDB29088B05002B4520 /* TweetDetailView.swift in Sources */,
			);
			runOnlyForDeploymentPostprocessing = 0;
		};
		55CEAB83290865E8002B4520 /* Sources */ = {
			isa = PBXSourcesBuildPhase;
			buildActionMask = 2147483647;
			files = (
				55CEAB8C290865E8002B4520 /* OpenTweetTests.swift in Sources */,
			);
			runOnlyForDeploymentPostprocessing = 0;
		};
		55CEAB8D290865E8002B4520 /* Sources */ = {
			isa = PBXSourcesBuildPhase;
			buildActionMask = 2147483647;
			files = (
				55CEAB98290865E8002B4520 /* OpenTweetUITestsLaunchTests.swift in Sources */,
				55CEAB96290865E8002B4520 /* OpenTweetUITests.swift in Sources */,
			);
			runOnlyForDeploymentPostprocessing = 0;
		};
/* End PBXSourcesBuildPhase section */

/* Begin PBXTargetDependency section */
		55CEAB89290865E8002B4520 /* PBXTargetDependency */ = {
			isa = PBXTargetDependency;
			target = 55CEAB76290865E6002B4520 /* OpenTweet */;
			targetProxy = 55CEAB88290865E8002B4520 /* PBXContainerItemProxy */;
		};
		55CEAB93290865E8002B4520 /* PBXTargetDependency */ = {
			isa = PBXTargetDependency;
			target = 55CEAB76290865E6002B4520 /* OpenTweet */;
			targetProxy = 55CEAB92290865E8002B4520 /* PBXContainerItemProxy */;
		};
/* End PBXTargetDependency section */

/* Begin XCBuildConfiguration section */
		55CEAB99290865E8002B4520 /* Debug */ = {
			isa = XCBuildConfiguration;
			buildSettings = {
				ALWAYS_SEARCH_USER_PATHS = NO;
				CLANG_ANALYZER_NONNULL = YES;
				CLANG_ANALYZER_NUMBER_OBJECT_CONVERSION = YES_AGGRESSIVE;
				CLANG_CXX_LANGUAGE_STANDARD = "gnu++20";
				CLANG_ENABLE_MODULES = YES;
				CLANG_ENABLE_OBJC_ARC = YES;
				CLANG_ENABLE_OBJC_WEAK = YES;
				CLANG_WARN_BLOCK_CAPTURE_AUTORELEASING = YES;
				CLANG_WARN_BOOL_CONVERSION = YES;
				CLANG_WARN_COMMA = YES;
				CLANG_WARN_CONSTANT_CONVERSION = YES;
				CLANG_WARN_DEPRECATED_OBJC_IMPLEMENTATIONS = YES;
				CLANG_WARN_DIRECT_OBJC_ISA_USAGE = YES_ERROR;
				CLANG_WARN_DOCUMENTATION_COMMENTS = YES;
				CLANG_WARN_EMPTY_BODY = YES;
				CLANG_WARN_ENUM_CONVERSION = YES;
				CLANG_WARN_INFINITE_RECURSION = YES;
				CLANG_WARN_INT_CONVERSION = YES;
				CLANG_WARN_NON_LITERAL_NULL_CONVERSION = YES;
				CLANG_WARN_OBJC_IMPLICIT_RETAIN_SELF = YES;
				CLANG_WARN_OBJC_LITERAL_CONVERSION = YES;
				CLANG_WARN_OBJC_ROOT_CLASS = YES_ERROR;
				CLANG_WARN_QUOTED_INCLUDE_IN_FRAMEWORK_HEADER = YES;
				CLANG_WARN_RANGE_LOOP_ANALYSIS = YES;
				CLANG_WARN_STRICT_PROTOTYPES = YES;
				CLANG_WARN_SUSPICIOUS_MOVE = YES;
				CLANG_WARN_UNGUARDED_AVAILABILITY = YES_AGGRESSIVE;
				CLANG_WARN_UNREACHABLE_CODE = YES;
				CLANG_WARN__DUPLICATE_METHOD_MATCH = YES;
				COPY_PHASE_STRIP = NO;
				DEBUG_INFORMATION_FORMAT = dwarf;
				ENABLE_STRICT_OBJC_MSGSEND = YES;
				ENABLE_TESTABILITY = YES;
				GCC_C_LANGUAGE_STANDARD = gnu11;
				GCC_DYNAMIC_NO_PIC = NO;
				GCC_NO_COMMON_BLOCKS = YES;
				GCC_OPTIMIZATION_LEVEL = 0;
				GCC_PREPROCESSOR_DEFINITIONS = (
					"DEBUG=1",
					"$(inherited)",
				);
				GCC_WARN_64_TO_32_BIT_CONVERSION = YES;
				GCC_WARN_ABOUT_RETURN_TYPE = YES_ERROR;
				GCC_WARN_UNDECLARED_SELECTOR = YES;
				GCC_WARN_UNINITIALIZED_AUTOS = YES_AGGRESSIVE;
				GCC_WARN_UNUSED_FUNCTION = YES;
				GCC_WARN_UNUSED_VARIABLE = YES;
				IPHONEOS_DEPLOYMENT_TARGET = 16.0;
				MTL_ENABLE_DEBUG_INFO = INCLUDE_SOURCE;
				MTL_FAST_MATH = YES;
				ONLY_ACTIVE_ARCH = YES;
				SDKROOT = iphoneos;
				SWIFT_ACTIVE_COMPILATION_CONDITIONS = DEBUG;
				SWIFT_OPTIMIZATION_LEVEL = "-Onone";
			};
			name = Debug;
		};
		55CEAB9A290865E8002B4520 /* Release */ = {
			isa = XCBuildConfiguration;
			buildSettings = {
				ALWAYS_SEARCH_USER_PATHS = NO;
				CLANG_ANALYZER_NONNULL = YES;
				CLANG_ANALYZER_NUMBER_OBJECT_CONVERSION = YES_AGGRESSIVE;
				CLANG_CXX_LANGUAGE_STANDARD = "gnu++20";
				CLANG_ENABLE_MODULES = YES;
				CLANG_ENABLE_OBJC_ARC = YES;
				CLANG_ENABLE_OBJC_WEAK = YES;
				CLANG_WARN_BLOCK_CAPTURE_AUTORELEASING = YES;
				CLANG_WARN_BOOL_CONVERSION = YES;
				CLANG_WARN_COMMA = YES;
				CLANG_WARN_CONSTANT_CONVERSION = YES;
				CLANG_WARN_DEPRECATED_OBJC_IMPLEMENTATIONS = YES;
				CLANG_WARN_DIRECT_OBJC_ISA_USAGE = YES_ERROR;
				CLANG_WARN_DOCUMENTATION_COMMENTS = YES;
				CLANG_WARN_EMPTY_BODY = YES;
				CLANG_WARN_ENUM_CONVERSION = YES;
				CLANG_WARN_INFINITE_RECURSION = YES;
				CLANG_WARN_INT_CONVERSION = YES;
				CLANG_WARN_NON_LITERAL_NULL_CONVERSION = YES;
				CLANG_WARN_OBJC_IMPLICIT_RETAIN_SELF = YES;
				CLANG_WARN_OBJC_LITERAL_CONVERSION = YES;
				CLANG_WARN_OBJC_ROOT_CLASS = YES_ERROR;
				CLANG_WARN_QUOTED_INCLUDE_IN_FRAMEWORK_HEADER = YES;
				CLANG_WARN_RANGE_LOOP_ANALYSIS = YES;
				CLANG_WARN_STRICT_PROTOTYPES = YES;
				CLANG_WARN_SUSPICIOUS_MOVE = YES;
				CLANG_WARN_UNGUARDED_AVAILABILITY = YES_AGGRESSIVE;
				CLANG_WARN_UNREACHABLE_CODE = YES;
				CLANG_WARN__DUPLICATE_METHOD_MATCH = YES;
				COPY_PHASE_STRIP = NO;
				DEBUG_INFORMATION_FORMAT = "dwarf-with-dsym";
				ENABLE_NS_ASSERTIONS = NO;
				ENABLE_STRICT_OBJC_MSGSEND = YES;
				GCC_C_LANGUAGE_STANDARD = gnu11;
				GCC_NO_COMMON_BLOCKS = YES;
				GCC_WARN_64_TO_32_BIT_CONVERSION = YES;
				GCC_WARN_ABOUT_RETURN_TYPE = YES_ERROR;
				GCC_WARN_UNDECLARED_SELECTOR = YES;
				GCC_WARN_UNINITIALIZED_AUTOS = YES_AGGRESSIVE;
				GCC_WARN_UNUSED_FUNCTION = YES;
				GCC_WARN_UNUSED_VARIABLE = YES;
				IPHONEOS_DEPLOYMENT_TARGET = 16.0;
				MTL_ENABLE_DEBUG_INFO = NO;
				MTL_FAST_MATH = YES;
				SDKROOT = iphoneos;
				SWIFT_COMPILATION_MODE = wholemodule;
				SWIFT_OPTIMIZATION_LEVEL = "-O";
				VALIDATE_PRODUCT = YES;
			};
			name = Release;
		};
		55CEAB9C290865E8002B4520 /* Debug */ = {
			isa = XCBuildConfiguration;
			buildSettings = {
				ASSETCATALOG_COMPILER_APPICON_NAME = AppIcon;
				ASSETCATALOG_COMPILER_GLOBAL_ACCENT_COLOR_NAME = AccentColor;
				CODE_SIGN_STYLE = Automatic;
				CURRENT_PROJECT_VERSION = 1;
				DEVELOPMENT_ASSET_PATHS = "\"OpenTweet/Preview Content\"";
				DEVELOPMENT_TEAM = 7X6NV3X765;
				ENABLE_PREVIEWS = YES;
				GENERATE_INFOPLIST_FILE = YES;
				INFOPLIST_KEY_UIApplicationSceneManifest_Generation = YES;
				INFOPLIST_KEY_UIApplicationSupportsIndirectInputEvents = YES;
				INFOPLIST_KEY_UILaunchScreen_Generation = YES;
				INFOPLIST_KEY_UISupportedInterfaceOrientations_iPad = "UIInterfaceOrientationPortrait UIInterfaceOrientationPortraitUpsideDown UIInterfaceOrientationLandscapeLeft UIInterfaceOrientationLandscapeRight";
				INFOPLIST_KEY_UISupportedInterfaceOrientations_iPhone = "UIInterfaceOrientationPortrait UIInterfaceOrientationLandscapeLeft UIInterfaceOrientationLandscapeRight";
				LD_RUNPATH_SEARCH_PATHS = (
					"$(inherited)",
					"@executable_path/Frameworks",
				);
				MARKETING_VERSION = 1.0;
				PRODUCT_BUNDLE_IDENTIFIER = com.opentable.OpenTweet.OpenTweet;
				PRODUCT_NAME = "$(TARGET_NAME)";
				SWIFT_EMIT_LOC_STRINGS = YES;
				SWIFT_VERSION = 5.0;
				TARGETED_DEVICE_FAMILY = "1,2";
			};
			name = Debug;
		};
		55CEAB9D290865E8002B4520 /* Release */ = {
			isa = XCBuildConfiguration;
			buildSettings = {
				ASSETCATALOG_COMPILER_APPICON_NAME = AppIcon;
				ASSETCATALOG_COMPILER_GLOBAL_ACCENT_COLOR_NAME = AccentColor;
				CODE_SIGN_STYLE = Automatic;
				CURRENT_PROJECT_VERSION = 1;
				DEVELOPMENT_ASSET_PATHS = "\"OpenTweet/Preview Content\"";
				DEVELOPMENT_TEAM = 7X6NV3X765;
				ENABLE_PREVIEWS = YES;
				GENERATE_INFOPLIST_FILE = YES;
				INFOPLIST_KEY_UIApplicationSceneManifest_Generation = YES;
				INFOPLIST_KEY_UIApplicationSupportsIndirectInputEvents = YES;
				INFOPLIST_KEY_UILaunchScreen_Generation = YES;
				INFOPLIST_KEY_UISupportedInterfaceOrientations_iPad = "UIInterfaceOrientationPortrait UIInterfaceOrientationPortraitUpsideDown UIInterfaceOrientationLandscapeLeft UIInterfaceOrientationLandscapeRight";
				INFOPLIST_KEY_UISupportedInterfaceOrientations_iPhone = "UIInterfaceOrientationPortrait UIInterfaceOrientationLandscapeLeft UIInterfaceOrientationLandscapeRight";
				LD_RUNPATH_SEARCH_PATHS = (
					"$(inherited)",
					"@executable_path/Frameworks",
				);
				MARKETING_VERSION = 1.0;
				PRODUCT_BUNDLE_IDENTIFIER = com.opentable.OpenTweet.OpenTweet;
				PRODUCT_NAME = "$(TARGET_NAME)";
				SWIFT_EMIT_LOC_STRINGS = YES;
				SWIFT_VERSION = 5.0;
				TARGETED_DEVICE_FAMILY = "1,2";
			};
			name = Release;
		};
		55CEAB9F290865E8002B4520 /* Debug */ = {
			isa = XCBuildConfiguration;
			buildSettings = {
				ALWAYS_EMBED_SWIFT_STANDARD_LIBRARIES = YES;
				BUNDLE_LOADER = "$(TEST_HOST)";
				CODE_SIGN_STYLE = Automatic;
				CURRENT_PROJECT_VERSION = 1;
				DEVELOPMENT_TEAM = 7X6NV3X765;
				GENERATE_INFOPLIST_FILE = YES;
				IPHONEOS_DEPLOYMENT_TARGET = 16.0;
				MARKETING_VERSION = 1.0;
				PRODUCT_BUNDLE_IDENTIFIER = com.opentable.OpenTweet.OpenTweetTests;
				PRODUCT_NAME = "$(TARGET_NAME)";
				SWIFT_EMIT_LOC_STRINGS = NO;
				SWIFT_VERSION = 5.0;
				TARGETED_DEVICE_FAMILY = "1,2";
				TEST_HOST = "$(BUILT_PRODUCTS_DIR)/OpenTweet.app/$(BUNDLE_EXECUTABLE_FOLDER_PATH)/OpenTweet";
			};
			name = Debug;
		};
		55CEABA0290865E8002B4520 /* Release */ = {
			isa = XCBuildConfiguration;
			buildSettings = {
				ALWAYS_EMBED_SWIFT_STANDARD_LIBRARIES = YES;
				BUNDLE_LOADER = "$(TEST_HOST)";
				CODE_SIGN_STYLE = Automatic;
				CURRENT_PROJECT_VERSION = 1;
				DEVELOPMENT_TEAM = 7X6NV3X765;
				GENERATE_INFOPLIST_FILE = YES;
				IPHONEOS_DEPLOYMENT_TARGET = 16.0;
				MARKETING_VERSION = 1.0;
				PRODUCT_BUNDLE_IDENTIFIER = com.opentable.OpenTweet.OpenTweetTests;
				PRODUCT_NAME = "$(TARGET_NAME)";
				SWIFT_EMIT_LOC_STRINGS = NO;
				SWIFT_VERSION = 5.0;
				TARGETED_DEVICE_FAMILY = "1,2";
				TEST_HOST = "$(BUILT_PRODUCTS_DIR)/OpenTweet.app/$(BUNDLE_EXECUTABLE_FOLDER_PATH)/OpenTweet";
			};
			name = Release;
		};
		55CEABA2290865E8002B4520 /* Debug */ = {
			isa = XCBuildConfiguration;
			buildSettings = {
				ALWAYS_EMBED_SWIFT_STANDARD_LIBRARIES = YES;
				CODE_SIGN_STYLE = Automatic;
				CURRENT_PROJECT_VERSION = 1;
				DEVELOPMENT_TEAM = 7X6NV3X765;
				GENERATE_INFOPLIST_FILE = YES;
				MARKETING_VERSION = 1.0;
				PRODUCT_BUNDLE_IDENTIFIER = com.opentable.OpenTweet.OpenTweetUITests;
				PRODUCT_NAME = "$(TARGET_NAME)";
				SWIFT_EMIT_LOC_STRINGS = NO;
				SWIFT_VERSION = 5.0;
				TARGETED_DEVICE_FAMILY = "1,2";
				TEST_TARGET_NAME = OpenTweet;
			};
			name = Debug;
		};
		55CEABA3290865E8002B4520 /* Release */ = {
			isa = XCBuildConfiguration;
			buildSettings = {
				ALWAYS_EMBED_SWIFT_STANDARD_LIBRARIES = YES;
				CODE_SIGN_STYLE = Automatic;
				CURRENT_PROJECT_VERSION = 1;
				DEVELOPMENT_TEAM = 7X6NV3X765;
				GENERATE_INFOPLIST_FILE = YES;
				MARKETING_VERSION = 1.0;
				PRODUCT_BUNDLE_IDENTIFIER = com.opentable.OpenTweet.OpenTweetUITests;
				PRODUCT_NAME = "$(TARGET_NAME)";
				SWIFT_EMIT_LOC_STRINGS = NO;
				SWIFT_VERSION = 5.0;
				TARGETED_DEVICE_FAMILY = "1,2";
				TEST_TARGET_NAME = OpenTweet;
			};
			name = Release;
		};
/* End XCBuildConfiguration section */

/* Begin XCConfigurationList section */
		55CEAB72290865E6002B4520 /* Build configuration list for PBXProject "OpenTweet" */ = {
			isa = XCConfigurationList;
			buildConfigurations = (
				55CEAB99290865E8002B4520 /* Debug */,
				55CEAB9A290865E8002B4520 /* Release */,
			);
			defaultConfigurationIsVisible = 0;
			defaultConfigurationName = Release;
		};
		55CEAB9B290865E8002B4520 /* Build configuration list for PBXNativeTarget "OpenTweet" */ = {
			isa = XCConfigurationList;
			buildConfigurations = (
				55CEAB9C290865E8002B4520 /* Debug */,
				55CEAB9D290865E8002B4520 /* Release */,
			);
			defaultConfigurationIsVisible = 0;
			defaultConfigurationName = Release;
		};
		55CEAB9E290865E8002B4520 /* Build configuration list for PBXNativeTarget "OpenTweetTests" */ = {
			isa = XCConfigurationList;
			buildConfigurations = (
				55CEAB9F290865E8002B4520 /* Debug */,
				55CEABA0290865E8002B4520 /* Release */,
			);
			defaultConfigurationIsVisible = 0;
			defaultConfigurationName = Release;
		};
		55CEABA1290865E8002B4520 /* Build configuration list for PBXNativeTarget "OpenTweetUITests" */ = {
			isa = XCConfigurationList;
			buildConfigurations = (
				55CEABA2290865E8002B4520 /* Debug */,
				55CEABA3290865E8002B4520 /* Release */,
			);
			defaultConfigurationIsVisible = 0;
			defaultConfigurationName = Release;
		};
/* End XCConfigurationList section */
	};
	rootObject = 55CEAB6F290865E6002B4520 /* Project object */;
}
